
Microsoft Visual Studio Solution File, Format Version 12.00
# Visual Studio Version 16
VisualStudioVersion = 16.0.31205.134
MinimumVisualStudioVersion = 10.0.40219.1
Project("{FAE04EC0-301F-11D3-BF4B-00C04F79EFBC}") = "HorseRiding.Android", "HorseRiding\HorseRiding.Android\HorseRiding.Android.csproj", "{38A89EA0-C9C8-4A5B-8228-4A7BB6A6609F}"
EndProject
Project("{FAE04EC0-301F-11D3-BF4B-00C04F79EFBC}") = "HorseRiding", "HorseRiding\HorseRiding\HorseRiding.csproj", "{FFDF6692-3892-4015-B0B4-317C859F7EF2}"
EndProject
Global
	GlobalSection(SolutionConfigurationPlatforms) = preSolution
		Debug|Any CPU = Debug|Any CPU
		Release|Any CPU = Release|Any CPU
	EndGlobalSection
	GlobalSection(ProjectConfigurationPlatforms) = postSolution
		{38A89EA0-C9C8-4A5B-8228-4A7BB6A6609F}.Debug|Any CPU.ActiveCfg = Debug|Any CPU
		{38A89EA0-C9C8-4A5B-8228-4A7BB6A6609F}.Debug|Any CPU.Build.0 = Debug|Any CPU
		{38A89EA0-C9C8-4A5B-8228-4A7BB6A6609F}.Debug|Any CPU.Deploy.0 = Debug|Any CPU
		{38A89EA0-C9C8-4A5B-8228-4A7BB6A6609F}.Release|Any CPU.ActiveCfg = Release|Any CPU
		{38A89EA0-C9C8-4A5B-8228-4A7BB6A6609F}.Release|Any CPU.Build.0 = Release|Any CPU
		{38A89EA0-C9C8-4A5B-8228-4A7BB6A6609F}.Release|Any CPU.Deploy.0 = Release|Any CPU
		{FFDF6692-3892-4015-B0B4-317C859F7EF2}.Debug|Any CPU.ActiveCfg = Debug|Any CPU
		{FFDF6692-3892-4015-B0B4-317C859F7EF2}.Debug|Any CPU.Build.0 = Debug|Any CPU
		{FFDF6692-3892-4015-B0B4-317C859F7EF2}.Debug|Any CPU.Deploy.0 = Debug|Any CPU
		{FFDF6692-3892-4015-B0B4-317C859F7EF2}.Release|Any CPU.ActiveCfg = Release|Any CPU
		{FFDF6692-3892-4015-B0B4-317C859F7EF2}.Release|Any CPU.Build.0 = Release|Any CPU
		{FFDF6692-3892-4015-B0B4-317C859F7EF2}.Release|Any CPU.Deploy.0 = Release|Any CPU
	EndGlobalSection
	GlobalSection(SolutionProperties) = preSolution
		HideSolutionNode = FALSE
	EndGlobalSection
	GlobalSection(ExtensibilityGlobals) = postSolution
		SolutionGuid = {282FB9BC-8BAC-41AF-B1D6-05DE5C46D87F}
	EndGlobalSection
EndGlobal
